
Microsoft Visual Studio Solution File, Format Version 12.00
# Visual Studio Version 17
VisualStudioVersion = 17.5.33627.172
MinimumVisualStudioVersion = 10.0.40219.1
Project("{FAE04EC0-301F-11D3-BF4B-00C04F79EFBC}") = "Escuela002", "Escuela002\Escuela002.csproj", "{B928F50B-3749-4AF6-AB14-313211A23240}"
EndProject
Global
	GlobalSection(SolutionConfigurationPlatforms) = preSolution
		Debug|Any CPU = Debug|Any CPU
		Release|Any CPU = Release|Any CPU
	EndGlobalSection
	GlobalSection(ProjectConfigurationPlatforms) = postSolution
		{B928F50B-3749-4AF6-AB14-313211A23240}.Debug|Any CPU.ActiveCfg = Debug|Any CPU
		{B928F50B-3749-4AF6-AB14-313211A23240}.Debug|Any CPU.Build.0 = Debug|Any CPU
		{B928F50B-3749-4AF6-AB14-313211A23240}.Release|Any CPU.ActiveCfg = Release|Any CPU
		{B928F50B-3749-4AF6-AB14-313211A23240}.Release|Any CPU.Build.0 = Release|Any CPU
	EndGlobalSection
	GlobalSection(SolutionProperties) = preSolution
		HideSolutionNode = FALSE
	EndGlobalSection
	GlobalSection(ExtensibilityGlobals) = postSolution
		SolutionGuid = {E3137A02-4F6F-40E0-A899-970289D83B1D}
	EndGlobalSection
EndGlobal
